
Microsoft Visual Studio Solution File, Format Version 12.00
# Visual Studio Version 16
VisualStudioVersion = 16.0.29806.167
MinimumVisualStudioVersion = 10.0.40219.1
Project("{9A19103F-16F7-4668-BE54-9A1E7A4F7556}") = "APIPatrimonioEmpresa", "APIPatrimonioEmpresa\APIPatrimonioEmpresa.csproj", "{46BE903E-1E69-4D04-A0FD-D343B422C289}"
EndProject
Project("{FAE04EC0-301F-11D3-BF4B-00C04F79EFBC}") = "Exercicio1", "Exercicio1\Exercicio1.csproj", "{5ADD8C08-226E-4B49-A329-59D942883D3F}"
EndProject
Global
	GlobalSection(SolutionConfigurationPlatforms) = preSolution
		Debug|Any CPU = Debug|Any CPU
		Release|Any CPU = Release|Any CPU
	EndGlobalSection
	GlobalSection(ProjectConfigurationPlatforms) = postSolution
		{46BE903E-1E69-4D04-A0FD-D343B422C289}.Debug|Any CPU.ActiveCfg = Debug|Any CPU
		{46BE903E-1E69-4D04-A0FD-D343B422C289}.Debug|Any CPU.Build.0 = Debug|Any CPU
		{46BE903E-1E69-4D04-A0FD-D343B422C289}.Release|Any CPU.ActiveCfg = Release|Any CPU
		{46BE903E-1E69-4D04-A0FD-D343B422C289}.Release|Any CPU.Build.0 = Release|Any CPU
		{5ADD8C08-226E-4B49-A329-59D942883D3F}.Debug|Any CPU.ActiveCfg = Debug|Any CPU
		{5ADD8C08-226E-4B49-A329-59D942883D3F}.Debug|Any CPU.Build.0 = Debug|Any CPU
		{5ADD8C08-226E-4B49-A329-59D942883D3F}.Release|Any CPU.ActiveCfg = Release|Any CPU
		{5ADD8C08-226E-4B49-A329-59D942883D3F}.Release|Any CPU.Build.0 = Release|Any CPU
	EndGlobalSection
	GlobalSection(SolutionProperties) = preSolution
		HideSolutionNode = FALSE
	EndGlobalSection
	GlobalSection(ExtensibilityGlobals) = postSolution
		SolutionGuid = {2994828D-9E41-479D-82AB-ED32E3DE4986}
	EndGlobalSection
EndGlobal
